// !$*UTF8*$!
{
	archiveVersion = 1;
	classes = {
	};
	objectVersion = 46;
	objects = {

/* Begin PBXBuildFile section */
		D9B0916D1A41DBFE00540397 /* AppDelegate.swift in Sources */ = {isa = PBXBuildFile; fileRef = D9B0916C1A41DBFE00540397 /* AppDelegate.swift */; };
		D9B091721A41DBFE00540397 /* Main.storyboard in Resources */ = {isa = PBXBuildFile; fileRef = D9B091701A41DBFE00540397 /* Main.storyboard */; };
		D9B091741A41DBFE00540397 /* Images.xcassets in Resources */ = {isa = PBXBuildFile; fileRef = D9B091731A41DBFE00540397 /* Images.xcassets */; };
		D9B091771A41DBFE00540397 /* LaunchScreen.xib in Resources */ = {isa = PBXBuildFile; fileRef = D9B091751A41DBFE00540397 /* LaunchScreen.xib */; };
		D9B091831A41DBFE00540397 /* VideoPlayerTests.swift in Sources */ = {isa = PBXBuildFile; fileRef = D9B091821A41DBFE00540397 /* VideoPlayerTests.swift */; };
		D9B0918D1A41DC6600540397 /* MPMoviePlayerControllerVC.swift in Sources */ = {isa = PBXBuildFile; fileRef = D9B0918C1A41DC6600540397 /* MPMoviePlayerControllerVC.swift */; };
		D9B0918F1A41EAB000540397 /* AVPlayerVC.swift in Sources */ = {isa = PBXBuildFile; fileRef = D9B0918E1A41EAB000540397 /* AVPlayerVC.swift */; };
		D9B091911A41EBB400540397 /* AVPlayerViewControllerVC.swift in Sources */ = {isa = PBXBuildFile; fileRef = D9B091901A41EBB400540397 /* AVPlayerViewControllerVC.swift */; };
		D9B091941A41EBDC00540397 /* AVKit.png in Resources */ = {isa = PBXBuildFile; fileRef = D9B091921A41EBDC00540397 /* AVKit.png */; };
		D9B091951A41EBDC00540397 /* Features.png in Resources */ = {isa = PBXBuildFile; fileRef = D9B091931A41EBDC00540397 /* Features.png */; };
		D9B091971A41ED1500540397 /* MyAVPlayerViewController.swift in Sources */ = {isa = PBXBuildFile; fileRef = D9B091961A41ED1500540397 /* MyAVPlayerViewController.swift */; };
/* End PBXBuildFile section */

/* Begin PBXContainerItemProxy section */
		D9B0917D1A41DBFE00540397 /* PBXContainerItemProxy */ = {
			isa = PBXContainerItemProxy;
			containerPortal = D9B0915F1A41DBFE00540397 /* Project object */;
			proxyType = 1;
			remoteGlobalIDString = D9B091661A41DBFE00540397;
			remoteInfo = VideoPlayer;
		};
/* End PBXContainerItemProxy section */

/* Begin PBXFileReference section */
		D9B091671A41DBFE00540397 /* VideoPlayer.app */ = {isa = PBXFileReference; explicitFileType = wrapper.application; includeInIndex = 0; path = VideoPlayer.app; sourceTree = BUILT_PRODUCTS_DIR; };
		D9B0916B1A41DBFE00540397 /* Info.plist */ = {isa = PBXFileReference; lastKnownFileType = text.plist.xml; path = Info.plist; sourceTree = "<group>"; };
		D9B0916C1A41DBFE00540397 /* AppDelegate.swift */ = {isa = PBXFileReference; lastKnownFileType = sourcecode.swift; path = AppDelegate.swift; sourceTree = "<group>"; };
		D9B091711A41DBFE00540397 /* Base */ = {isa = PBXFileReference; lastKnownFileType = file.storyboard; name = Base; path = Base.lproj/Main.storyboard; sourceTree = "<group>"; };
		D9B091731A41DBFE00540397 /* Images.xcassets */ = {isa = PBXFileReference; lastKnownFileType = folder.assetcatalog; path = Images.xcassets; sourceTree = "<group>"; };
		D9B091761A41DBFE00540397 /* Base */ = {isa = PBXFileReference; lastKnownFileType = file.xib; name = Base; path = Base.lproj/LaunchScreen.xib; sourceTree = "<group>"; };
		D9B0917C1A41DBFE00540397 /* VideoPlayerTests.xctest */ = {isa = PBXFileReference; explicitFileType = wrapper.cfbundle; includeInIndex = 0; path = VideoPlayerTests.xctest; sourceTree = BUILT_PRODUCTS_DIR; };
		D9B091811A41DBFE00540397 /* Info.plist */ = {isa = PBXFileReference; lastKnownFileType = text.plist.xml; path = Info.plist; sourceTree = "<group>"; };
		D9B091821A41DBFE00540397 /* VideoPlayerTests.swift */ = {isa = PBXFileReference; lastKnownFileType = sourcecode.swift; path = VideoPlayerTests.swift; sourceTree = "<group>"; };
		D9B0918C1A41DC6600540397 /* MPMoviePlayerControllerVC.swift */ = {isa = PBXFileReference; fileEncoding = 4; lastKnownFileType = sourcecode.swift; path = MPMoviePlayerControllerVC.swift; sourceTree = "<group>"; };
		D9B0918E1A41EAB000540397 /* AVPlayerVC.swift */ = {isa = PBXFileReference; fileEncoding = 4; lastKnownFileType = sourcecode.swift; path = AVPlayerVC.swift; sourceTree = "<group>"; };
		D9B091901A41EBB400540397 /* AVPlayerViewControllerVC.swift */ = {isa = PBXFileReference; fileEncoding = 4; lastKnownFileType = sourcecode.swift; path = AVPlayerViewControllerVC.swift; sourceTree = "<group>"; };
		D9B091921A41EBDC00540397 /* AVKit.png */ = {isa = PBXFileReference; lastKnownFileType = image.png; path = AVKit.png; sourceTree = "<group>"; };
		D9B091931A41EBDC00540397 /* Features.png */ = {isa = PBXFileReference; lastKnownFileType = image.png; path = Features.png; sourceTree = "<group>"; };
		D9B091961A41ED1500540397 /* MyAVPlayerViewController.swift */ = {isa = PBXFileReference; fileEncoding = 4; lastKnownFileType = sourcecode.swift; path = MyAVPlayerViewController.swift; sourceTree = "<group>"; };
/* End PBXFileReference section */

/* Begin PBXFrameworksBuildPhase section */
		D9B091641A41DBFE00540397 /* Frameworks */ = {
			isa = PBXFrameworksBuildPhase;
			buildActionMask = 2147483647;
			files = (
			);
			runOnlyForDeploymentPostprocessing = 0;
		};
		D9B091791A41DBFE00540397 /* Frameworks */ = {
			isa = PBXFrameworksBuildPhase;
			buildActionMask = 2147483647;
			files = (
			);
			runOnlyForDeploymentPostprocessing = 0;
		};
/* End PBXFrameworksBuildPhase section */

/* Begin PBXGroup section */
		D9B0915E1A41DBFE00540397 = {
			isa = PBXGroup;
			children = (
				D9B091691A41DBFE00540397 /* VideoPlayer */,
				D9B0917F1A41DBFE00540397 /* VideoPlayerTests */,
				D9B091681A41DBFE00540397 /* Products */,
			);
			sourceTree = "<group>";
		};
		D9B091681A41DBFE00540397 /* Products */ = {
			isa = PBXGroup;
			children = (
				D9B091671A41DBFE00540397 /* VideoPlayer.app */,
				D9B0917C1A41DBFE00540397 /* VideoPlayerTests.xctest */,
			);
			name = Products;
			sourceTree = "<group>";
		};
		D9B091691A41DBFE00540397 /* VideoPlayer */ = {
			isa = PBXGroup;
			children = (
				D9B0916C1A41DBFE00540397 /* AppDelegate.swift */,
				D9B0918C1A41DC6600540397 /* MPMoviePlayerControllerVC.swift */,
				D9B0918E1A41EAB000540397 /* AVPlayerVC.swift */,
				D9B091901A41EBB400540397 /* AVPlayerViewControllerVC.swift */,
				D9B091961A41ED1500540397 /* MyAVPlayerViewController.swift */,
				D9B091921A41EBDC00540397 /* AVKit.png */,
				D9B091931A41EBDC00540397 /* Features.png */,
				D9B091701A41DBFE00540397 /* Main.storyboard */,
				D9B091731A41DBFE00540397 /* Images.xcassets */,
				D9B091751A41DBFE00540397 /* LaunchScreen.xib */,
				D9B0916A1A41DBFE00540397 /* Supporting Files */,
			);
			path = VideoPlayer;
			sourceTree = "<group>";
		};
		D9B0916A1A41DBFE00540397 /* Supporting Files */ = {
			isa = PBXGroup;
			children = (
				D9B0916B1A41DBFE00540397 /* Info.plist */,
			);
			name = "Supporting Files";
			sourceTree = "<group>";
		};
		D9B0917F1A41DBFE00540397 /* VideoPlayerTests */ = {
			isa = PBXGroup;
			children = (
				D9B091821A41DBFE00540397 /* VideoPlayerTests.swift */,
				D9B091801A41DBFE00540397 /* Supporting Files */,
			);
			path = VideoPlayerTests;
			sourceTree = "<group>";
		};
		D9B091801A41DBFE00540397 /* Supporting Files */ = {
			isa = PBXGroup;
			children = (
				D9B091811A41DBFE00540397 /* Info.plist */,
			);
			name = "Supporting Files";
			sourceTree = "<group>";
		};
/* End PBXGroup section */

/* Begin PBXNativeTarget section */
		D9B091661A41DBFE00540397 /* VideoPlayer */ = {
			isa = PBXNativeTarget;
			buildConfigurationList = D9B091861A41DBFE00540397 /* Build configuration list for PBXNativeTarget "VideoPlayer" */;
			buildPhases = (
				D9B091631A41DBFE00540397 /* Sources */,
				D9B091641A41DBFE00540397 /* Frameworks */,
				D9B091651A41DBFE00540397 /* Resources */,
			);
			buildRules = (
			);
			dependencies = (
			);
			name = VideoPlayer;
			productName = VideoPlayer;
			productReference = D9B091671A41DBFE00540397 /* VideoPlayer.app */;
			productType = "com.apple.product-type.application";
		};
		D9B0917B1A41DBFE00540397 /* VideoPlayerTests */ = {
			isa = PBXNativeTarget;
			buildConfigurationList = D9B091891A41DBFE00540397 /* Build configuration list for PBXNativeTarget "VideoPlayerTests" */;
			buildPhases = (
				D9B091781A41DBFE00540397 /* Sources */,
				D9B091791A41DBFE00540397 /* Frameworks */,
				D9B0917A1A41DBFE00540397 /* Resources */,
			);
			buildRules = (
			);
			dependencies = (
				D9B0917E1A41DBFE00540397 /* PBXTargetDependency */,
			);
			name = VideoPlayerTests;
			productName = VideoPlayerTests;
			productReference = D9B0917C1A41DBFE00540397 /* VideoPlayerTests.xctest */;
			productType = "com.apple.product-type.bundle.unit-test";
		};
/* End PBXNativeTarget section */

/* Begin PBXProject section */
		D9B0915F1A41DBFE00540397 /* Project object */ = {
			isa = PBXProject;
			attributes = {
				LastUpgradeCheck = 0610;
				ORGANIZATIONNAME = "Valerio Ferrucci";
				TargetAttributes = {
					D9B091661A41DBFE00540397 = {
						CreatedOnToolsVersion = 6.1.1;
					};
					D9B0917B1A41DBFE00540397 = {
						CreatedOnToolsVersion = 6.1.1;
						TestTargetID = D9B091661A41DBFE00540397;
					};
				};
			};
			buildConfigurationList = D9B091621A41DBFE00540397 /* Build configuration list for PBXProject "VideoPlayer" */;
			compatibilityVersion = "Xcode 3.2";
			developmentRegion = English;
			hasScannedForEncodings = 0;
			knownRegions = (
				en,
				Base,
			);
			mainGroup = D9B0915E1A41DBFE00540397;
			productRefGroup = D9B091681A41DBFE00540397 /* Products */;
			projectDirPath = "";
			projectRoot = "";
			targets = (
				D9B091661A41DBFE00540397 /* VideoPlayer */,
				D9B0917B1A41DBFE00540397 /* VideoPlayerTests */,
			);
		};
/* End PBXProject section */

/* Begin PBXResourcesBuildPhase section */
		D9B091651A41DBFE00540397 /* Resources */ = {
			isa = PBXResourcesBuildPhase;
			buildActionMask = 2147483647;
			files = (
				D9B091721A41DBFE00540397 /* Main.storyboard in Resources */,
				D9B091771A41DBFE00540397 /* LaunchScreen.xib in Resources */,
				D9B091951A41EBDC00540397 /* Features.png in Resources */,
				D9B091741A41DBFE00540397 /* Images.xcassets in Resources */,
				D9B091941A41EBDC00540397 /* AVKit.png in Resources */,
			);
			runOnlyForDeploymentPostprocessing = 0;
		};
		D9B0917A1A41DBFE00540397 /* Resources */ = {
			isa = PBXResourcesBuildPhase;
			buildActionMask = 2147483647;
			files = (
			);
			runOnlyForDeploymentPostprocessing = 0;
		};
/* End PBXResourcesBuildPhase section */

/* Begin PBXSourcesBuildPhase section */
		D9B091631A41DBFE00540397 /* Sources */ = {
			isa = PBXSourcesBuildPhase;
			buildActionMask = 2147483647;
			files = (
				D9B091971A41ED1500540397 /* MyAVPlayerViewController.swift in Sources */,
				D9B0916D1A41DBFE00540397 /* AppDelegate.swift in Sources */,
				D9B091911A41EBB400540397 /* AVPlayerViewControllerVC.swift in Sources */,
				D9B0918F1A41EAB000540397 /* AVPlayerVC.swift in Sources */,
				D9B0918D1A41DC6600540397 /* MPMoviePlayerControllerVC.swift in Sources */,
			);
			runOnlyForDeploymentPostprocessing = 0;
		};
		D9B091781A41DBFE00540397 /* Sources */ = {
			isa = PBXSourcesBuildPhase;
			buildActionMask = 2147483647;
			files = (
				D9B091831A41DBFE00540397 /* VideoPlayerTests.swift in Sources */,
			);
			runOnlyForDeploymentPostprocessing = 0;
		};
/* End PBXSourcesBuildPhase section */

/* Begin PBXTargetDependency section */
		D9B0917E1A41DBFE00540397 /* PBXTargetDependency */ = {
			isa = PBXTargetDependency;
			target = D9B091661A41DBFE00540397 /* VideoPlayer */;
			targetProxy = D9B0917D1A41DBFE00540397 /* PBXContainerItemProxy */;
		};
/* End PBXTargetDependency section */

/* Begin PBXVariantGroup section */
		D9B091701A41DBFE00540397 /* Main.storyboard */ = {
			isa = PBXVariantGroup;
			children = (
				D9B091711A41DBFE00540397 /* Base */,
			);
			name = Main.storyboard;
			sourceTree = "<group>";
		};
		D9B091751A41DBFE00540397 /* LaunchScreen.xib */ = {
			isa = PBXVariantGroup;
			children = (
				D9B091761A41DBFE00540397 /* Base */,
			);
			name = LaunchScreen.xib;
			sourceTree = "<group>";
		};
/* End PBXVariantGroup section */

/* Begin XCBuildConfiguration section */
		D9B091841A41DBFE00540397 /* Debug */ = {
			isa = XCBuildConfiguration;
			buildSettings = {
				ALWAYS_SEARCH_USER_PATHS = NO;
				CLANG_CXX_LANGUAGE_STANDARD = "gnu++0x";
				CLANG_CXX_LIBRARY = "libc++";
				CLANG_ENABLE_MODULES = YES;
				CLANG_ENABLE_OBJC_ARC = YES;
				CLANG_WARN_BOOL_CONVERSION = YES;
				CLANG_WARN_CONSTANT_CONVERSION = YES;
				CLANG_WARN_DIRECT_OBJC_ISA_USAGE = YES_ERROR;
				CLANG_WARN_EMPTY_BODY = YES;
				CLANG_WARN_ENUM_CONVERSION = YES;
				CLANG_WARN_INT_CONVERSION = YES;
				CLANG_WARN_OBJC_ROOT_CLASS = YES_ERROR;
				CLANG_WARN_UNREACHABLE_CODE = YES;
				CLANG_WARN__DUPLICATE_METHOD_MATCH = YES;
				"CODE_SIGN_IDENTITY[sdk=iphoneos*]" = "iPhone Developer";
				COPY_PHASE_STRIP = NO;
				ENABLE_STRICT_OBJC_MSGSEND = YES;
				GCC_C_LANGUAGE_STANDARD = gnu99;
				GCC_DYNAMIC_NO_PIC = NO;
				GCC_OPTIMIZATION_LEVEL = 0;
				GCC_PREPROCESSOR_DEFINITIONS = (
					"DEBUG=1",
					"$(inherited)",
				);
				GCC_SYMBOLS_PRIVATE_EXTERN = NO;
				GCC_WARN_64_TO_32_BIT_CONVERSION = YES;
				GCC_WARN_ABOUT_RETURN_TYPE = YES_ERROR;
				GCC_WARN_UNDECLARED_SELECTOR = YES;
				GCC_WARN_UNINITIALIZED_AUTOS = YES_AGGRESSIVE;
				GCC_WARN_UNUSED_FUNCTION = YES;
				GCC_WARN_UNUSED_VARIABLE = YES;
				IPHONEOS_DEPLOYMENT_TARGET = 8.1;
				MTL_ENABLE_DEBUG_INFO = YES;
				ONLY_ACTIVE_ARCH = YES;
				SDKROOT = iphoneos;
				SWIFT_OPTIMIZATION_LEVEL = "-Onone";
				TARGETED_DEVICE_FAMILY = "1,2";
			};
			name = Debug;
		};
		D9B091851A41DBFE00540397 /* Release */ = {
			isa = XCBuildConfiguration;
			buildSettings = {
				ALWAYS_SEARCH_USER_PATHS = NO;
				CLANG_CXX_LANGUAGE_STANDARD = "gnu++0x";
				CLANG_CXX_LIBRARY = "libc++";
				CLANG_ENABLE_MODULES = YES;
				CLANG_ENABLE_OBJC_ARC = YES;
				CLANG_WARN_BOOL_CONVERSION = YES;
				CLANG_WARN_CONSTANT_CONVERSION = YES;
				CLANG_WARN_DIRECT_OBJC_ISA_USAGE = YES_ERROR;
				CLANG_WARN_EMPTY_BODY = YES;
				CLANG_WARN_ENUM_CONVERSION = YES;
				CLANG_WARN_INT_CONVERSION = YES;
				CLANG_WARN_OBJC_ROOT_CLASS = YES_ERROR;
				CLANG_WARN_UNREACHABLE_CODE = YES;
				CLANG_WARN__DUPLICATE_METHOD_MATCH = YES;
				"CODE_SIGN_IDENTITY[sdk=iphoneos*]" = "iPhone Developer";
				COPY_PHASE_STRIP = YES;
				ENABLE_NS_ASSERTIONS = NO;
				ENABLE_STRICT_OBJC_MSGSEND = YES;
				GCC_C_LANGUAGE_STANDARD = gnu99;
				GCC_WARN_64_TO_32_BIT_CONVERSION = YES;
				GCC_WARN_ABOUT_RETURN_TYPE = YES_ERROR;
				GCC_WARN_UNDECLARED_SELECTOR = YES;
				GCC_WARN_UNINITIALIZED_AUTOS = YES_AGGRESSIVE;
				GCC_WARN_UNUSED_FUNCTION = YES;
				GCC_WARN_UNUSED_VARIABLE = YES;
				IPHONEOS_DEPLOYMENT_TARGET = 8.1;
				MTL_ENABLE_DEBUG_INFO = NO;
				SDKROOT = iphoneos;
				TARGETED_DEVICE_FAMILY = "1,2";
				VALIDATE_PRODUCT = YES;
			};
			name = Release;
		};
		D9B091871A41DBFE00540397 /* Debug */ = {
			isa = XCBuildConfiguration;
			buildSettings = {
				ASSETCATALOG_COMPILER_APPICON_NAME = AppIcon;
				INFOPLIST_FILE = VideoPlayer/Info.plist;
				LD_RUNPATH_SEARCH_PATHS = "$(inherited) @executable_path/Frameworks";
				PRODUCT_NAME = "$(TARGET_NAME)";
			};
			name = Debug;
		};
		D9B091881A41DBFE00540397 /* Release */ = {
			isa = XCBuildConfiguration;
			buildSettings = {
				ASSETCATALOG_COMPILER_APPICON_NAME = AppIcon;
				INFOPLIST_FILE = VideoPlayer/Info.plist;
				LD_RUNPATH_SEARCH_PATHS = "$(inherited) @executable_path/Frameworks";
				PRODUCT_NAME = "$(TARGET_NAME)";
			};
			name = Release;
		};
		D9B0918A1A41DBFE00540397 /* Debug */ = {
			isa = XCBuildConfiguration;
			buildSettings = {
				BUNDLE_LOADER = "$(TEST_HOST)";
				FRAMEWORK_SEARCH_PATHS = (
					"$(SDKROOT)/Developer/Library/Frameworks",
					"$(inherited)",
				);
				GCC_PREPROCESSOR_DEFINITIONS = (
					"DEBUG=1",
					"$(inherited)",
				);
				INFOPLIST_FILE = VideoPlayerTests/Info.plist;
				LD_RUNPATH_SEARCH_PATHS = "$(inherited) @executable_path/Frameworks @loader_path/Frameworks";
				PRODUCT_NAME = "$(TARGET_NAME)";
				TEST_HOST = "$(BUILT_PRODUCTS_DIR)/VideoPlayer.app/VideoPlayer";
			};
			name = Debug;
		};
		D9B0918B1A41DBFE00540397 /* Release */ = {
			isa = XCBuildConfiguration;
			buildSettings = {
				BUNDLE_LOADER = "$(TEST_HOST)";
				FRAMEWORK_SEARCH_PATHS = (
					"$(SDKROOT)/Developer/Library/Frameworks",
					"$(inherited)",
				);
				INFOPLIST_FILE = VideoPlayerTests/Info.plist;
				LD_RUNPATH_SEARCH_PATHS = "$(inherited) @executable_path/Frameworks @loader_path/Frameworks";
				PRODUCT_NAME = "$(TARGET_NAME)";
				TEST_HOST = "$(BUILT_PRODUCTS_DIR)/VideoPlayer.app/VideoPlayer";
			};
			name = Release;
		};
/* End XCBuildConfiguration section */

/* Begin XCConfigurationList section */
		D9B091621A41DBFE00540397 /* Build configuration list for PBXProject "VideoPlayer" */ = {
			isa = XCConfigurationList;
			buildConfigurations = (
				D9B091841A41DBFE00540397 /* Debug */,
				D9B091851A41DBFE00540397 /* Release */,
			);
			defaultConfigurationIsVisible = 0;
			defaultConfigurationName = Release;
		};
		D9B091861A41DBFE00540397 /* Build configuration list for PBXNativeTarget "VideoPlayer" */ = {
			isa = XCConfigurationList;
			buildConfigurations = (
				D9B091871A41DBFE00540397 /* Debug */,
				D9B091881A41DBFE00540397 /* Release */,
			);
			defaultConfigurationIsVisible = 0;
			defaultConfigurationName = Release;
		};
		D9B091891A41DBFE00540397 /* Build configuration list for PBXNativeTarget "VideoPlayerTests" */ = {
			isa = XCConfigurationList;
			buildConfigurations = (
				D9B0918A1A41DBFE00540397 /* Debug */,
				D9B0918B1A41DBFE00540397 /* Release */,
			);
			defaultConfigurationIsVisible = 0;
			defaultConfigurationName = Release;
		};
/* End XCConfigurationList section */
	};
	rootObject = D9B0915F1A41DBFE00540397 /* Project object */;
}
